// !$*UTF8*$!
{
	archiveVersion = 1;
	classes = {
	};
	objectVersion = 50;
	objects = {

/* Begin PBXBuildFile section */
		BF3807EC21FA6CBD00615367 /* AppDelegate.swift in Sources */ = {isa = PBXBuildFile; fileRef = BF3807EB21FA6CBD00615367 /* AppDelegate.swift */; };
		BF3807EE21FA6CBD00615367 /* MainViewController.swift in Sources */ = {isa = PBXBuildFile; fileRef = BF3807ED21FA6CBD00615367 /* MainViewController.swift */; };
		BF3807F321FA6CBE00615367 /* Assets.xcassets in Resources */ = {isa = PBXBuildFile; fileRef = BF3807F221FA6CBE00615367 /* Assets.xcassets */; };
		BF3807F621FA6CBE00615367 /* LaunchScreen.storyboard in Resources */ = {isa = PBXBuildFile; fileRef = BF3807F421FA6CBE00615367 /* LaunchScreen.storyboard */; };
		BF3807FE21FA706D00615367 /* MainView.swift in Sources */ = {isa = PBXBuildFile; fileRef = BF3807FD21FA706D00615367 /* MainView.swift */; };
		BF38080021FA707700615367 /* DetailView.swift in Sources */ = {isa = PBXBuildFile; fileRef = BF3807FF21FA707700615367 /* DetailView.swift */; };
		BF38080221FA708700615367 /* DetailViewController.swift in Sources */ = {isa = PBXBuildFile; fileRef = BF38080121FA708700615367 /* DetailViewController.swift */; };
/* End PBXBuildFile section */

/* Begin PBXFileReference section */
		BF3807E821FA6CBD00615367 /* ProgramaticUIPracticeProject.app */ = {isa = PBXFileReference; explicitFileType = wrapper.application; includeInIndex = 0; path = ProgramaticUIPracticeProject.app; sourceTree = BUILT_PRODUCTS_DIR; };
		BF3807EB21FA6CBD00615367 /* AppDelegate.swift */ = {isa = PBXFileReference; lastKnownFileType = sourcecode.swift; path = AppDelegate.swift; sourceTree = "<group>"; };
		BF3807ED21FA6CBD00615367 /* MainViewController.swift */ = {isa = PBXFileReference; lastKnownFileType = sourcecode.swift; path = MainViewController.swift; sourceTree = "<group>"; };
		BF3807F221FA6CBE00615367 /* Assets.xcassets */ = {isa = PBXFileReference; lastKnownFileType = folder.assetcatalog; path = Assets.xcassets; sourceTree = "<group>"; };
		BF3807F521FA6CBE00615367 /* Base */ = {isa = PBXFileReference; lastKnownFileType = file.storyboard; name = Base; path = Base.lproj/LaunchScreen.storyboard; sourceTree = "<group>"; };
		BF3807F721FA6CBE00615367 /* Info.plist */ = {isa = PBXFileReference; lastKnownFileType = text.plist.xml; path = Info.plist; sourceTree = "<group>"; };
		BF3807FD21FA706D00615367 /* MainView.swift */ = {isa = PBXFileReference; lastKnownFileType = sourcecode.swift; path = MainView.swift; sourceTree = "<group>"; };
		BF3807FF21FA707700615367 /* DetailView.swift */ = {isa = PBXFileReference; lastKnownFileType = sourcecode.swift; path = DetailView.swift; sourceTree = "<group>"; };
		BF38080121FA708700615367 /* DetailViewController.swift */ = {isa = PBXFileReference; lastKnownFileType = sourcecode.swift; path = DetailViewController.swift; sourceTree = "<group>"; };
/* End PBXFileReference section */

/* Begin PBXFrameworksBuildPhase section */
		BF3807E521FA6CBD00615367 /* Frameworks */ = {
			isa = PBXFrameworksBuildPhase;
			buildActionMask = 2147483647;
			files = (
			);
			runOnlyForDeploymentPostprocessing = 0;
		};
/* End PBXFrameworksBuildPhase section */

/* Begin PBXGroup section */
		BF3807DF21FA6CBD00615367 = {
			isa = PBXGroup;
			children = (
				BF3807EA21FA6CBD00615367 /* ProgramaticUIPracticeProject */,
				BF3807E921FA6CBD00615367 /* Products */,
			);
			sourceTree = "<group>";
		};
		BF3807E921FA6CBD00615367 /* Products */ = {
			isa = PBXGroup;
			children = (
				BF3807E821FA6CBD00615367 /* ProgramaticUIPracticeProject.app */,
			);
			name = Products;
			sourceTree = "<group>";
		};
		BF3807EA21FA6CBD00615367 /* ProgramaticUIPracticeProject */ = {
			isa = PBXGroup;
			children = (
				BF3807EB21FA6CBD00615367 /* AppDelegate.swift */,
				BF3807ED21FA6CBD00615367 /* MainViewController.swift */,
				BF3807FD21FA706D00615367 /* MainView.swift */,
				BF3807FF21FA707700615367 /* DetailView.swift */,
				BF38080121FA708700615367 /* DetailViewController.swift */,
				BF3807F221FA6CBE00615367 /* Assets.xcassets */,
				BF3807F421FA6CBE00615367 /* LaunchScreen.storyboard */,
				BF3807F721FA6CBE00615367 /* Info.plist */,
			);
			path = ProgramaticUIPracticeProject;
			sourceTree = "<group>";
		};
/* End PBXGroup section */

/* Begin PBXNativeTarget section */
		BF3807E721FA6CBD00615367 /* ProgramaticUIPracticeProject */ = {
			isa = PBXNativeTarget;
			buildConfigurationList = BF3807FA21FA6CBE00615367 /* Build configuration list for PBXNativeTarget "ProgramaticUIPracticeProject" */;
			buildPhases = (
				BF3807E421FA6CBD00615367 /* Sources */,
				BF3807E521FA6CBD00615367 /* Frameworks */,
				BF3807E621FA6CBD00615367 /* Resources */,
			);
			buildRules = (
			);
			dependencies = (
			);
			name = ProgramaticUIPracticeProject;
			productName = ProgramaticUIPracticeProject;
			productReference = BF3807E821FA6CBD00615367 /* ProgramaticUIPracticeProject.app */;
			productType = "com.apple.product-type.application";
		};
/* End PBXNativeTarget section */

/* Begin PBXProject section */
		BF3807E021FA6CBD00615367 /* Project object */ = {
			isa = PBXProject;
			attributes = {
				LastSwiftUpdateCheck = 1000;
				LastUpgradeCheck = 1000;
				ORGANIZATIONNAME = "Pritesh Nadiadhara";
				TargetAttributes = {
					BF3807E721FA6CBD00615367 = {
						CreatedOnToolsVersion = 10.0;
					};
				};
			};
			buildConfigurationList = BF3807E321FA6CBD00615367 /* Build configuration list for PBXProject "ProgramaticUIPracticeProject" */;
			compatibilityVersion = "Xcode 9.3";
			developmentRegion = en;
			hasScannedForEncodings = 0;
			knownRegions = (
				en,
				Base,
			);
			mainGroup = BF3807DF21FA6CBD00615367;
			productRefGroup = BF3807E921FA6CBD00615367 /* Products */;
			projectDirPath = "";
			projectRoot = "";
			targets = (
				BF3807E721FA6CBD00615367 /* ProgramaticUIPracticeProject */,
			);
		};
/* End PBXProject section */

/* Begin PBXResourcesBuildPhase section */
		BF3807E621FA6CBD00615367 /* Resources */ = {
			isa = PBXResourcesBuildPhase;
			buildActionMask = 2147483647;
			files = (
				BF3807F621FA6CBE00615367 /* LaunchScreen.storyboard in Resources */,
				BF3807F321FA6CBE00615367 /* Assets.xcassets in Resources */,
			);
			runOnlyForDeploymentPostprocessing = 0;
		};
/* End PBXResourcesBuildPhase section */

/* Begin PBXSourcesBuildPhase section */
		BF3807E421FA6CBD00615367 /* Sources */ = {
			isa = PBXSourcesBuildPhase;
			buildActionMask = 2147483647;
			files = (
				BF3807EE21FA6CBD00615367 /* MainViewController.swift in Sources */,
				BF38080021FA707700615367 /* DetailView.swift in Sources */,
				BF38080221FA708700615367 /* DetailViewController.swift in Sources */,
				BF3807FE21FA706D00615367 /* MainView.swift in Sources */,
				BF3807EC21FA6CBD00615367 /* AppDelegate.swift in Sources */,
			);
			runOnlyForDeploymentPostprocessing = 0;
		};
/* End PBXSourcesBuildPhase section */

/* Begin PBXVariantGroup section */
		BF3807F421FA6CBE00615367 /* LaunchScreen.storyboard */ = {
			isa = PBXVariantGroup;
			children = (
				BF3807F521FA6CBE00615367 /* Base */,
			);
			name = LaunchScreen.storyboard;
			sourceTree = "<group>";
		};
/* End PBXVariantGroup section */

/* Begin XCBuildConfiguration section */
		BF3807F821FA6CBE00615367 /* Debug */ = {
			isa = XCBuildConfiguration;
			buildSettings = {
				ALWAYS_SEARCH_USER_PATHS = NO;
				CLANG_ANALYZER_NONNULL = YES;
				CLANG_ANALYZER_NUMBER_OBJECT_CONVERSION = YES_AGGRESSIVE;
				CLANG_CXX_LANGUAGE_STANDARD = "gnu++14";
				CLANG_CXX_LIBRARY = "libc++";
				CLANG_ENABLE_MODULES = YES;
				CLANG_ENABLE_OBJC_ARC = YES;
				CLANG_ENABLE_OBJC_WEAK = YES;
				CLANG_WARN_BLOCK_CAPTURE_AUTORELEASING = YES;
				CLANG_WARN_BOOL_CONVERSION = YES;
				CLANG_WARN_COMMA = YES;
				CLANG_WARN_CONSTANT_CONVERSION = YES;
				CLANG_WARN_DEPRECATED_OBJC_IMPLEMENTATIONS = YES;
				CLANG_WARN_DIRECT_OBJC_ISA_USAGE = YES_ERROR;
				CLANG_WARN_DOCUMENTATION_COMMENTS = YES;
				CLANG_WARN_EMPTY_BODY = YES;
				CLANG_WARN_ENUM_CONVERSION = YES;
				CLANG_WARN_INFINITE_RECURSION = YES;
				CLANG_WARN_INT_CONVERSION = YES;
				CLANG_WARN_NON_LITERAL_NULL_CONVERSION = YES;
				CLANG_WARN_OBJC_IMPLICIT_RETAIN_SELF = YES;
				CLANG_WARN_OBJC_LITERAL_CONVERSION = YES;
				CLANG_WARN_OBJC_ROOT_CLASS = YES_ERROR;
				CLANG_WARN_RANGE_LOOP_ANALYSIS = YES;
				CLANG_WARN_STRICT_PROTOTYPES = YES;
				CLANG_WARN_SUSPICIOUS_MOVE = YES;
				CLANG_WARN_UNGUARDED_AVAILABILITY = YES_AGGRESSIVE;
				CLANG_WARN_UNREACHABLE_CODE = YES;
				CLANG_WARN__DUPLICATE_METHOD_MATCH = YES;
				CODE_SIGN_IDENTITY = "iPhone Developer";
				COPY_PHASE_STRIP = NO;
				DEBUG_INFORMATION_FORMAT = dwarf;
				ENABLE_STRICT_OBJC_MSGSEND = YES;
				ENABLE_TESTABILITY = YES;
				GCC_C_LANGUAGE_STANDARD = gnu11;
				GCC_DYNAMIC_NO_PIC = NO;
				GCC_NO_COMMON_BLOCKS = YES;
				GCC_OPTIMIZATION_LEVEL = 0;
				GCC_PREPROCESSOR_DEFINITIONS = (
					"DEBUG=1",
					"$(inherited)",
				);
				GCC_WARN_64_TO_32_BIT_CONVERSION = YES;
				GCC_WARN_ABOUT_RETURN_TYPE = YES_ERROR;
				GCC_WARN_UNDECLARED_SELECTOR = YES;
				GCC_WARN_UNINITIALIZED_AUTOS = YES_AGGRESSIVE;
				GCC_WARN_UNUSED_FUNCTION = YES;
				GCC_WARN_UNUSED_VARIABLE = YES;
				IPHONEOS_DEPLOYMENT_TARGET = 12.0;
				MTL_ENABLE_DEBUG_INFO = INCLUDE_SOURCE;
				MTL_FAST_MATH = YES;
				ONLY_ACTIVE_ARCH = YES;
				SDKROOT = iphoneos;
				SWIFT_ACTIVE_COMPILATION_CONDITIONS = DEBUG;
				SWIFT_OPTIMIZATION_LEVEL = "-Onone";
			};
			name = Debug;
		};
		BF3807F921FA6CBE00615367 /* Release */ = {
			isa = XCBuildConfiguration;
			buildSettings = {
				ALWAYS_SEARCH_USER_PATHS = NO;
				CLANG_ANALYZER_NONNULL = YES;
				CLANG_ANALYZER_NUMBER_OBJECT_CONVERSION = YES_AGGRESSIVE;
				CLANG_CXX_LANGUAGE_STANDARD = "gnu++14";
				CLANG_CXX_LIBRARY = "libc++";
				CLANG_ENABLE_MODULES = YES;
				CLANG_ENABLE_OBJC_ARC = YES;
				CLANG_ENABLE_OBJC_WEAK = YES;
				CLANG_WARN_BLOCK_CAPTURE_AUTORELEASING = YES;
				CLANG_WARN_BOOL_CONVERSION = YES;
				CLANG_WARN_COMMA = YES;
				CLANG_WARN_CONSTANT_CONVERSION = YES;
				CLANG_WARN_DEPRECATED_OBJC_IMPLEMENTATIONS = YES;
				CLANG_WARN_DIRECT_OBJC_ISA_USAGE = YES_ERROR;
				CLANG_WARN_DOCUMENTATION_COMMENTS = YES;
				CLANG_WARN_EMPTY_BODY = YES;
				CLANG_WARN_ENUM_CONVERSION = YES;
				CLANG_WARN_INFINITE_RECURSION = YES;
				CLANG_WARN_INT_CONVERSION = YES;
				CLANG_WARN_NON_LITERAL_NULL_CONVERSION = YES;
				CLANG_WARN_OBJC_IMPLICIT_RETAIN_SELF = YES;
				CLANG_WARN_OBJC_LITERAL_CONVERSION = YES;
				CLANG_WARN_OBJC_ROOT_CLASS = YES_ERROR;
				CLANG_WARN_RANGE_LOOP_ANALYSIS = YES;
				CLANG_WARN_STRICT_PROTOTYPES = YES;
				CLANG_WARN_SUSPICIOUS_MOVE = YES;
				CLANG_WARN_UNGUARDED_AVAILABILITY = YES_AGGRESSIVE;
				CLANG_WARN_UNREACHABLE_CODE = YES;
				CLANG_WARN__DUPLICATE_METHOD_MATCH = YES;
				CODE_SIGN_IDENTITY = "iPhone Developer";
				COPY_PHASE_STRIP = NO;
				DEBUG_INFORMATION_FORMAT = "dwarf-with-dsym";
				ENABLE_NS_ASSERTIONS = NO;
				ENABLE_STRICT_OBJC_MSGSEND = YES;
				GCC_C_LANGUAGE_STANDARD = gnu11;
				GCC_NO_COMMON_BLOCKS = YES;
				GCC_WARN_64_TO_32_BIT_CONVERSION = YES;
				GCC_WARN_ABOUT_RETURN_TYPE = YES_ERROR;
				GCC_WARN_UNDECLARED_SELECTOR = YES;
				GCC_WARN_UNINITIALIZED_AUTOS = YES_AGGRESSIVE;
				GCC_WARN_UNUSED_FUNCTION = YES;
				GCC_WARN_UNUSED_VARIABLE = YES;
				IPHONEOS_DEPLOYMENT_TARGET = 12.0;
				MTL_ENABLE_DEBUG_INFO = NO;
				MTL_FAST_MATH = YES;
				SDKROOT = iphoneos;
				SWIFT_COMPILATION_MODE = wholemodule;
				SWIFT_OPTIMIZATION_LEVEL = "-O";
				VALIDATE_PRODUCT = YES;
			};
			name = Release;
		};
		BF3807FB21FA6CBE00615367 /* Debug */ = {
			isa = XCBuildConfiguration;
			buildSettings = {
				ASSETCATALOG_COMPILER_APPICON_NAME = AppIcon;
				CODE_SIGN_STYLE = Automatic;
				DEVELOPMENT_TEAM = 2X456QR9DN;
				INFOPLIST_FILE = ProgramaticUIPracticeProject/Info.plist;
				LD_RUNPATH_SEARCH_PATHS = (
					"$(inherited)",
					"@executable_path/Frameworks",
				);
				PRODUCT_BUNDLE_IDENTIFIER = Pritesh.ProgramaticUIPracticeProject;
				PRODUCT_NAME = "$(TARGET_NAME)";
				SWIFT_VERSION = 4.2;
				TARGETED_DEVICE_FAMILY = "1,2";
			};
			name = Debug;
		};
		BF3807FC21FA6CBE00615367 /* Release */ = {
			isa = XCBuildConfiguration;
			buildSettings = {
				ASSETCATALOG_COMPILER_APPICON_NAME = AppIcon;
				CODE_SIGN_STYLE = Automatic;
				DEVELOPMENT_TEAM = 2X456QR9DN;
				INFOPLIST_FILE = ProgramaticUIPracticeProject/Info.plist;
				LD_RUNPATH_SEARCH_PATHS = (
					"$(inherited)",
					"@executable_path/Frameworks",
				);
				PRODUCT_BUNDLE_IDENTIFIER = Pritesh.ProgramaticUIPracticeProject;
				PRODUCT_NAME = "$(TARGET_NAME)";
				SWIFT_VERSION = 4.2;
				TARGETED_DEVICE_FAMILY = "1,2";
			};
			name = Release;
		};
/* End XCBuildConfiguration section */

/* Begin XCConfigurationList section */
		BF3807E321FA6CBD00615367 /* Build configuration list for PBXProject "ProgramaticUIPracticeProject" */ = {
			isa = XCConfigurationList;
			buildConfigurations = (
				BF3807F821FA6CBE00615367 /* Debug */,
				BF3807F921FA6CBE00615367 /* Release */,
			);
			defaultConfigurationIsVisible = 0;
			defaultConfigurationName = Release;
		};
		BF3807FA21FA6CBE00615367 /* Build configuration list for PBXNativeTarget "ProgramaticUIPracticeProject" */ = {
			isa = XCConfigurationList;
			buildConfigurations = (
				BF3807FB21FA6CBE00615367 /* Debug */,
				BF3807FC21FA6CBE00615367 /* Release */,
			);
			defaultConfigurationIsVisible = 0;
			defaultConfigurationName = Release;
		};
/* End XCConfigurationList section */
	};
	rootObject = BF3807E021FA6CBD00615367 /* Project object */;
}
